{
  "name": "pessoas-palestrantes",
  "version": "1.0.0",
  "lockfileVersion": 1,
  "requires": true,
  "dependencies": {
    "decamelize": {
      "version": "2.0.0",
      "resolved": "https://registry.npmjs.org/decamelize/-/decamelize-2.0.0.tgz",
      "integrity": "sha512-Ikpp5scV3MSYxY39ymh45ZLEecsTdv/Xj2CaQfI8RLMuwi7XvjX9H/fhraiSuU+C5w5NTDu4ZU72xNiZnurBPg==",
      "requires": {
        "xregexp": "4.0.0"
      }
    },
    "humanize-string": {
      "version": "2.1.0",
      "resolved": "https://registry.npmjs.org/humanize-string/-/humanize-string-2.1.0.tgz",
      "integrity": "sha512-sQ+hqmxyXW8Cj7iqxcQxD7oSy3+AXnIZXdUF9lQMkzaG8dtbKAB8U7lCtViMnwQ+MpdCKsO2Kiij3G6UUXq/Xg==",
      "requires": {
        "decamelize": "^2.0.0"
      }
    },
    "lodash": {
      "version": "4.17.15",
      "resolved": "https://registry.npmjs.org/lodash/-/lodash-4.17.15.tgz",
      "integrity": "sha512-8xOcRHvCjnocdS5cpwXQXVzmmh5e5+saE2QGoeQmbKmRS6J3VQppPOIt0MnmE+4xlZoumy0GPG0D0MVIQbNA1A=="
    },
    "markdown-table": {
      "version": "1.1.3",
      "resolved": "https://registry.npmjs.org/markdown-table/-/markdown-table-1.1.3.tgz",
      "integrity": "sha512-1RUZVgQlpJSPWYbFSpmudq5nHY1doEIv89gBtF0s4gW1GF2XorxcA/70M5vq7rLv0a6mhOUccRsqkwhwLCIQ2Q=="
    },
    "titleize": {
      "version": "2.1.0",
      "resolved": "https://registry.npmjs.org/titleize/-/titleize-2.1.0.tgz",
      "integrity": "sha512-m+apkYlfiQTKLW+sI4vqUkwMEzfgEUEYSqljx1voUE3Wz/z1ZsxyzSxvH2X8uKVrOp7QkByWt0rA6+gvhCKy6g=="
    },
    "xregexp": {
      "version": "4.0.0",
      "resolved": "https://registry.npmjs.org/xregexp/-/xregexp-4.0.0.tgz",
      "integrity": "sha512-PHyM+sQouu7xspQQwELlGwwd05mXUFqwFYfqPO0cC7x4fxyHnnuetmQr6CjJiafIDoH4MogHb9dOoJzR/Y4rFg=="
    }
  }
}
